
Microsoft Visual Studio Solution File, Format Version 12.00
# Visual Studio Version 16
VisualStudioVersion = 16.0.29920.165
MinimumVisualStudioVersion = 10.0.40219.1
Project("{FAE04EC0-301F-11D3-BF4B-00C04F79EFBC}") = "FutbolAnalizWeb", "FutbolAnalizWeb\FutbolAnalizWeb.csproj", "{2870A26D-4111-4AED-BF2A-66CD1B6AAD10}"
EndProject
Global
	GlobalSection(SolutionConfigurationPlatforms) = preSolution
		Debug|Any CPU = Debug|Any CPU
		Release|Any CPU = Release|Any CPU
	EndGlobalSection
	GlobalSection(ProjectConfigurationPlatforms) = postSolution
		{2870A26D-4111-4AED-BF2A-66CD1B6AAD10}.Debug|Any CPU.ActiveCfg = Debug|Any CPU
		{2870A26D-4111-4AED-BF2A-66CD1B6AAD10}.Debug|Any CPU.Build.0 = Debug|Any CPU
		{2870A26D-4111-4AED-BF2A-66CD1B6AAD10}.Release|Any CPU.ActiveCfg = Release|Any CPU
		{2870A26D-4111-4AED-BF2A-66CD1B6AAD10}.Release|Any CPU.Build.0 = Release|Any CPU
	EndGlobalSection
	GlobalSection(SolutionProperties) = preSolution
		HideSolutionNode = FALSE
	EndGlobalSection
	GlobalSection(ExtensibilityGlobals) = postSolution
		SolutionGuid = {0111D699-5CB1-4497-B290-6C3C0EE18BBB}
	EndGlobalSection
EndGlobal
